
Microsoft Visual Studio Solution File, Format Version 12.00
# Visual Studio 15
Project("{FAE04EC0-301F-11D3-BF4B-00C04F79EFBC}") = "Assembly-CSharp", "Assembly-CSharp.csproj", "{B757C47C-42C4-9068-C103-F5FE0EB3844F}"
EndProject
Project("{FAE04EC0-301F-11D3-BF4B-00C04F79EFBC}") = "TextToTMP.Editor", "TextToTMP.Editor.csproj", "{C445374C-A66C-16C5-0BED-6A1AF14CDEF8}"
EndProject
Global
	GlobalSection(SolutionConfigurationPlatforms) = preSolution
		Debug|Any CPU = Debug|Any CPU
		Release|Any CPU = Release|Any CPU
	EndGlobalSection
	GlobalSection(ProjectConfigurationPlatforms) = postSolution
		{B757C47C-42C4-9068-C103-F5FE0EB3844F}.Debug|Any CPU.ActiveCfg = Debug|Any CPU
		{B757C47C-42C4-9068-C103-F5FE0EB3844F}.Debug|Any CPU.Build.0 = Debug|Any CPU
		{B757C47C-42C4-9068-C103-F5FE0EB3844F}.Release|Any CPU.ActiveCfg = Release|Any CPU
		{B757C47C-42C4-9068-C103-F5FE0EB3844F}.Release|Any CPU.Build.0 = Release|Any CPU
		{C445374C-A66C-16C5-0BED-6A1AF14CDEF8}.Debug|Any CPU.ActiveCfg = Debug|Any CPU
		{C445374C-A66C-16C5-0BED-6A1AF14CDEF8}.Debug|Any CPU.Build.0 = Debug|Any CPU
		{C445374C-A66C-16C5-0BED-6A1AF14CDEF8}.Release|Any CPU.ActiveCfg = Release|Any CPU
		{C445374C-A66C-16C5-0BED-6A1AF14CDEF8}.Release|Any CPU.Build.0 = Release|Any CPU
	EndGlobalSection
	GlobalSection(SolutionProperties) = preSolution
		HideSolutionNode = FALSE
	EndGlobalSection
EndGlobal
